
Microsoft Visual Studio Solution File, Format Version 12.00
# Visual Studio 14
VisualStudioVersion = 14.0.24720.0
MinimumVisualStudioVersion = 10.0.40219.1
Project("{FAE04EC0-301F-11D3-BF4B-00C04F79EFBC}") = "MvcMusicStore", "MvcMusicStore\MvcMusicStore.csproj", "{0E0005E3-FC2F-414A-8025-5C0E53E81CA0}"
EndProject
Project("{FAE04EC0-301F-11D3-BF4B-00C04F79EFBC}") = "MvcMusicStore.Tests", "MvcMusicStore.Tests\MvcMusicStore.Tests.csproj", "{5931EB58-B432-43BB-B8CF-F6FCA5B1A034}"
EndProject
Global
	GlobalSection(SolutionConfigurationPlatforms) = preSolution
		Debug|Any CPU = Debug|Any CPU
		Release|Any CPU = Release|Any CPU
	EndGlobalSection
	GlobalSection(ProjectConfigurationPlatforms) = postSolution
		{0E0005E3-FC2F-414A-8025-5C0E53E81CA0}.Debug|Any CPU.ActiveCfg = Debug|Any CPU
		{0E0005E3-FC2F-414A-8025-5C0E53E81CA0}.Debug|Any CPU.Build.0 = Debug|Any CPU
		{0E0005E3-FC2F-414A-8025-5C0E53E81CA0}.Release|Any CPU.ActiveCfg = Release|Any CPU
		{0E0005E3-FC2F-414A-8025-5C0E53E81CA0}.Release|Any CPU.Build.0 = Release|Any CPU
		{5931EB58-B432-43BB-B8CF-F6FCA5B1A034}.Debug|Any CPU.ActiveCfg = Debug|Any CPU
		{5931EB58-B432-43BB-B8CF-F6FCA5B1A034}.Release|Any CPU.ActiveCfg = Release|Any CPU
		{5931EB58-B432-43BB-B8CF-F6FCA5B1A034}.Release|Any CPU.Build.0 = Release|Any CPU
	EndGlobalSection
	GlobalSection(SolutionProperties) = preSolution
		HideSolutionNode = FALSE
	EndGlobalSection
EndGlobal
